// !$*UTF8*$!
{
	archiveVersion = 1;
	classes = {
	};
	objectVersion = 46;
	objects = {

/* Begin PBXBuildFile section */
		3D44751B19C972CE00D9B2B1 /* Foundation.framework in Frameworks */ = {isa = PBXBuildFile; fileRef = 3D44751A19C972CE00D9B2B1 /* Foundation.framework */; };
		3D44751D19C972CE00D9B2B1 /* CoreGraphics.framework in Frameworks */ = {isa = PBXBuildFile; fileRef = 3D44751C19C972CE00D9B2B1 /* CoreGraphics.framework */; };
		3D44751F19C972CE00D9B2B1 /* UIKit.framework in Frameworks */ = {isa = PBXBuildFile; fileRef = 3D44751E19C972CE00D9B2B1 /* UIKit.framework */; };
		3D44752519C972CE00D9B2B1 /* InfoPlist.strings in Resources */ = {isa = PBXBuildFile; fileRef = 3D44752319C972CE00D9B2B1 /* InfoPlist.strings */; };
		3D44752719C972CE00D9B2B1 /* main.m in Sources */ = {isa = PBXBuildFile; fileRef = 3D44752619C972CE00D9B2B1 /* main.m */; };
		3D44752B19C972CE00D9B2B1 /* AppDelegate.m in Sources */ = {isa = PBXBuildFile; fileRef = 3D44752A19C972CE00D9B2B1 /* AppDelegate.m */; };
		3D44752D19C972CE00D9B2B1 /* Images.xcassets in Resources */ = {isa = PBXBuildFile; fileRef = 3D44752C19C972CE00D9B2B1 /* Images.xcassets */; };
		3D44753419C972CE00D9B2B1 /* XCTest.framework in Frameworks */ = {isa = PBXBuildFile; fileRef = 3D44753319C972CE00D9B2B1 /* XCTest.framework */; };
		3D44753519C972CE00D9B2B1 /* Foundation.framework in Frameworks */ = {isa = PBXBuildFile; fileRef = 3D44751A19C972CE00D9B2B1 /* Foundation.framework */; };
		3D44753619C972CE00D9B2B1 /* UIKit.framework in Frameworks */ = {isa = PBXBuildFile; fileRef = 3D44751E19C972CE00D9B2B1 /* UIKit.framework */; };
		3D44753E19C972CE00D9B2B1 /* InfoPlist.strings in Resources */ = {isa = PBXBuildFile; fileRef = 3D44753C19C972CE00D9B2B1 /* InfoPlist.strings */; };
		3D44754019C972CE00D9B2B1 /* QiHuangDJTests.m in Sources */ = {isa = PBXBuildFile; fileRef = 3D44753F19C972CE00D9B2B1 /* QiHuangDJTests.m */; };
/* End PBXBuildFile section */

/* Begin PBXContainerItemProxy section */
		3D44753719C972CE00D9B2B1 /* PBXContainerItemProxy */ = {
			isa = PBXContainerItemProxy;
			containerPortal = 3D44750F19C972CE00D9B2B1 /* Project object */;
			proxyType = 1;
			remoteGlobalIDString = 3D44751619C972CE00D9B2B1;
			remoteInfo = QiHuangDJ;
		};
/* End PBXContainerItemProxy section */

/* Begin PBXFileReference section */
		3D44751719C972CE00D9B2B1 /* QiHuangDJ.app */ = {isa = PBXFileReference; explicitFileType = wrapper.application; includeInIndex = 0; path = QiHuangDJ.app; sourceTree = BUILT_PRODUCTS_DIR; };
		3D44751A19C972CE00D9B2B1 /* Foundation.framework */ = {isa = PBXFileReference; lastKnownFileType = wrapper.framework; name = Foundation.framework; path = System/Library/Frameworks/Foundation.framework; sourceTree = SDKROOT; };
		3D44751C19C972CE00D9B2B1 /* CoreGraphics.framework */ = {isa = PBXFileReference; lastKnownFileType = wrapper.framework; name = CoreGraphics.framework; path = System/Library/Frameworks/CoreGraphics.framework; sourceTree = SDKROOT; };
		3D44751E19C972CE00D9B2B1 /* UIKit.framework */ = {isa = PBXFileReference; lastKnownFileType = wrapper.framework; name = UIKit.framework; path = System/Library/Frameworks/UIKit.framework; sourceTree = SDKROOT; };
		3D44752219C972CE00D9B2B1 /* QiHuangDJ-Info.plist */ = {isa = PBXFileReference; lastKnownFileType = text.plist.xml; path = "QiHuangDJ-Info.plist"; sourceTree = "<group>"; };
		3D44752419C972CE00D9B2B1 /* en */ = {isa = PBXFileReference; lastKnownFileType = text.plist.strings; name = en; path = en.lproj/InfoPlist.strings; sourceTree = "<group>"; };
		3D44752619C972CE00D9B2B1 /* main.m */ = {isa = PBXFileReference; lastKnownFileType = sourcecode.c.objc; path = main.m; sourceTree = "<group>"; };
		3D44752819C972CE00D9B2B1 /* QiHuangDJ-Prefix.pch */ = {isa = PBXFileReference; lastKnownFileType = sourcecode.c.h; path = "QiHuangDJ-Prefix.pch"; sourceTree = "<group>"; };
		3D44752919C972CE00D9B2B1 /* AppDelegate.h */ = {isa = PBXFileReference; lastKnownFileType = sourcecode.c.h; path = AppDelegate.h; sourceTree = "<group>"; };
		3D44752A19C972CE00D9B2B1 /* AppDelegate.m */ = {isa = PBXFileReference; lastKnownFileType = sourcecode.c.objc; path = AppDelegate.m; sourceTree = "<group>"; };
		3D44752C19C972CE00D9B2B1 /* Images.xcassets */ = {isa = PBXFileReference; lastKnownFileType = folder.assetcatalog; path = Images.xcassets; sourceTree = "<group>"; };
		3D44753219C972CE00D9B2B1 /* QiHuangDJTests.xctest */ = {isa = PBXFileReference; explicitFileType = wrapper.cfbundle; includeInIndex = 0; path = QiHuangDJTests.xctest; sourceTree = BUILT_PRODUCTS_DIR; };
		3D44753319C972CE00D9B2B1 /* XCTest.framework */ = {isa = PBXFileReference; lastKnownFileType = wrapper.framework; name = XCTest.framework; path = Library/Frameworks/XCTest.framework; sourceTree = DEVELOPER_DIR; };
		3D44753B19C972CE00D9B2B1 /* QiHuangDJTests-Info.plist */ = {isa = PBXFileReference; lastKnownFileType = text.plist.xml; path = "QiHuangDJTests-Info.plist"; sourceTree = "<group>"; };
		3D44753D19C972CE00D9B2B1 /* en */ = {isa = PBXFileReference; lastKnownFileType = text.plist.strings; name = en; path = en.lproj/InfoPlist.strings; sourceTree = "<group>"; };
		3D44753F19C972CE00D9B2B1 /* QiHuangDJTests.m */ = {isa = PBXFileReference; lastKnownFileType = sourcecode.c.objc; path = QiHuangDJTests.m; sourceTree = "<group>"; };
/* End PBXFileReference section */

/* Begin PBXFrameworksBuildPhase section */
		3D44751419C972CE00D9B2B1 /* Frameworks */ = {
			isa = PBXFrameworksBuildPhase;
			buildActionMask = 2147483647;
			files = (
				3D44751D19C972CE00D9B2B1 /* CoreGraphics.framework in Frameworks */,
				3D44751F19C972CE00D9B2B1 /* UIKit.framework in Frameworks */,
				3D44751B19C972CE00D9B2B1 /* Foundation.framework in Frameworks */,
			);
			runOnlyForDeploymentPostprocessing = 0;
		};
		3D44752F19C972CE00D9B2B1 /* Frameworks */ = {
			isa = PBXFrameworksBuildPhase;
			buildActionMask = 2147483647;
			files = (
				3D44753419C972CE00D9B2B1 /* XCTest.framework in Frameworks */,
				3D44753619C972CE00D9B2B1 /* UIKit.framework in Frameworks */,
				3D44753519C972CE00D9B2B1 /* Foundation.framework in Frameworks */,
			);
			runOnlyForDeploymentPostprocessing = 0;
		};
/* End PBXFrameworksBuildPhase section */

/* Begin PBXGroup section */
		3D44750E19C972CE00D9B2B1 = {
			isa = PBXGroup;
			children = (
				3D44752019C972CE00D9B2B1 /* QiHuangDJ */,
				3D44753919C972CE00D9B2B1 /* QiHuangDJTests */,
				3D44751919C972CE00D9B2B1 /* Frameworks */,
				3D44751819C972CE00D9B2B1 /* Products */,
			);
			sourceTree = "<group>";
		};
		3D44751819C972CE00D9B2B1 /* Products */ = {
			isa = PBXGroup;
			children = (
				3D44751719C972CE00D9B2B1 /* QiHuangDJ.app */,
				3D44753219C972CE00D9B2B1 /* QiHuangDJTests.xctest */,
			);
			name = Products;
			sourceTree = "<group>";
		};
		3D44751919C972CE00D9B2B1 /* Frameworks */ = {
			isa = PBXGroup;
			children = (
				3D44751A19C972CE00D9B2B1 /* Foundation.framework */,
				3D44751C19C972CE00D9B2B1 /* CoreGraphics.framework */,
				3D44751E19C972CE00D9B2B1 /* UIKit.framework */,
				3D44753319C972CE00D9B2B1 /* XCTest.framework */,
			);
			name = Frameworks;
			sourceTree = "<group>";
		};
		3D44752019C972CE00D9B2B1 /* QiHuangDJ */ = {
			isa = PBXGroup;
			children = (
				3D44752919C972CE00D9B2B1 /* AppDelegate.h */,
				3D44752A19C972CE00D9B2B1 /* AppDelegate.m */,
				3D44752C19C972CE00D9B2B1 /* Images.xcassets */,
				3D44752119C972CE00D9B2B1 /* Supporting Files */,
			);
			path = QiHuangDJ;
			sourceTree = "<group>";
		};
		3D44752119C972CE00D9B2B1 /* Supporting Files */ = {
			isa = PBXGroup;
			children = (
				3D44752219C972CE00D9B2B1 /* QiHuangDJ-Info.plist */,
				3D44752319C972CE00D9B2B1 /* InfoPlist.strings */,
				3D44752619C972CE00D9B2B1 /* main.m */,
				3D44752819C972CE00D9B2B1 /* QiHuangDJ-Prefix.pch */,
			);
			name = "Supporting Files";
			sourceTree = "<group>";
		};
		3D44753919C972CE00D9B2B1 /* QiHuangDJTests */ = {
			isa = PBXGroup;
			children = (
				3D44753F19C972CE00D9B2B1 /* QiHuangDJTests.m */,
				3D44753A19C972CE00D9B2B1 /* Supporting Files */,
			);
			path = QiHuangDJTests;
			sourceTree = "<group>";
		};
		3D44753A19C972CE00D9B2B1 /* Supporting Files */ = {
			isa = PBXGroup;
			children = (
				3D44753B19C972CE00D9B2B1 /* QiHuangDJTests-Info.plist */,
				3D44753C19C972CE00D9B2B1 /* InfoPlist.strings */,
			);
			name = "Supporting Files";
			sourceTree = "<group>";
		};
/* End PBXGroup section */

/* Begin PBXNativeTarget section */
		3D44751619C972CE00D9B2B1 /* QiHuangDJ */ = {
			isa = PBXNativeTarget;
			buildConfigurationList = 3D44754319C972CE00D9B2B1 /* Build configuration list for PBXNativeTarget "QiHuangDJ" */;
			buildPhases = (
				3D44751319C972CE00D9B2B1 /* Sources */,
				3D44751419C972CE00D9B2B1 /* Frameworks */,
				3D44751519C972CE00D9B2B1 /* Resources */,
			);
			buildRules = (
			);
			dependencies = (
			);
			name = QiHuangDJ;
			productName = QiHuangDJ;
			productReference = 3D44751719C972CE00D9B2B1 /* QiHuangDJ.app */;
			productType = "com.apple.product-type.application";
		};
		3D44753119C972CE00D9B2B1 /* QiHuangDJTests */ = {
			isa = PBXNativeTarget;
			buildConfigurationList = 3D44754619C972CE00D9B2B1 /* Build configuration list for PBXNativeTarget "QiHuangDJTests" */;
			buildPhases = (
				3D44752E19C972CE00D9B2B1 /* Sources */,
				3D44752F19C972CE00D9B2B1 /* Frameworks */,
				3D44753019C972CE00D9B2B1 /* Resources */,
			);
			buildRules = (
			);
			dependencies = (
				3D44753819C972CE00D9B2B1 /* PBXTargetDependency */,
			);
			name = QiHuangDJTests;
			productName = QiHuangDJTests;
			productReference = 3D44753219C972CE00D9B2B1 /* QiHuangDJTests.xctest */;
			productType = "com.apple.product-type.bundle.unit-test";
		};
/* End PBXNativeTarget section */

/* Begin PBXProject section */
		3D44750F19C972CE00D9B2B1 /* Project object */ = {
			isa = PBXProject;
			attributes = {
				LastUpgradeCheck = 0510;
				ORGANIZATIONNAME = "___FULLUSERNAME___";
				TargetAttributes = {
					3D44753119C972CE00D9B2B1 = {
						TestTargetID = 3D44751619C972CE00D9B2B1;
					};
				};
			};
			buildConfigurationList = 3D44751219C972CE00D9B2B1 /* Build configuration list for PBXProject "QiHuangDJ" */;
			compatibilityVersion = "Xcode 3.2";
			developmentRegion = English;
			hasScannedForEncodings = 0;
			knownRegions = (
				en,
			);
			mainGroup = 3D44750E19C972CE00D9B2B1;
			productRefGroup = 3D44751819C972CE00D9B2B1 /* Products */;
			projectDirPath = "";
			projectRoot = "";
			targets = (
				3D44751619C972CE00D9B2B1 /* QiHuangDJ */,
				3D44753119C972CE00D9B2B1 /* QiHuangDJTests */,
			);
		};
/* End PBXProject section */

/* Begin PBXResourcesBuildPhase section */
		3D44751519C972CE00D9B2B1 /* Resources */ = {
			isa = PBXResourcesBuildPhase;
			buildActionMask = 2147483647;
			files = (
				3D44752519C972CE00D9B2B1 /* InfoPlist.strings in Resources */,
				3D44752D19C972CE00D9B2B1 /* Images.xcassets in Resources */,
			);
			runOnlyForDeploymentPostprocessing = 0;
		};
		3D44753019C972CE00D9B2B1 /* Resources */ = {
			isa = PBXResourcesBuildPhase;
			buildActionMask = 2147483647;
			files = (
				3D44753E19C972CE00D9B2B1 /* InfoPlist.strings in Resources */,
			);
			runOnlyForDeploymentPostprocessing = 0;
		};
/* End PBXResourcesBuildPhase section */

/* Begin PBXSourcesBuildPhase section */
		3D44751319C972CE00D9B2B1 /* Sources */ = {
			isa = PBXSourcesBuildPhase;
			buildActionMask = 2147483647;
			files = (
				3D44752B19C972CE00D9B2B1 /* AppDelegate.m in Sources */,
				3D44752719C972CE00D9B2B1 /* main.m in Sources */,
			);
			runOnlyForDeploymentPostprocessing = 0;
		};
		3D44752E19C972CE00D9B2B1 /* Sources */ = {
			isa = PBXSourcesBuildPhase;
			buildActionMask = 2147483647;
			files = (
				3D44754019C972CE00D9B2B1 /* QiHuangDJTests.m in Sources */,
			);
			runOnlyForDeploymentPostprocessing = 0;
		};
/* End PBXSourcesBuildPhase section */

/* Begin PBXTargetDependency section */
		3D44753819C972CE00D9B2B1 /* PBXTargetDependency */ = {
			isa = PBXTargetDependency;
			target = 3D44751619C972CE00D9B2B1 /* QiHuangDJ */;
			targetProxy = 3D44753719C972CE00D9B2B1 /* PBXContainerItemProxy */;
		};
/* End PBXTargetDependency section */

/* Begin PBXVariantGroup section */
		3D44752319C972CE00D9B2B1 /* InfoPlist.strings */ = {
			isa = PBXVariantGroup;
			children = (
				3D44752419C972CE00D9B2B1 /* en */,
			);
			name = InfoPlist.strings;
			sourceTree = "<group>";
		};
		3D44753C19C972CE00D9B2B1 /* InfoPlist.strings */ = {
			isa = PBXVariantGroup;
			children = (
				3D44753D19C972CE00D9B2B1 /* en */,
			);
			name = InfoPlist.strings;
			sourceTree = "<group>";
		};
/* End PBXVariantGroup section */

/* Begin XCBuildConfiguration section */
		3D44754119C972CE00D9B2B1 /* Debug */ = {
			isa = XCBuildConfiguration;
			buildSettings = {
				ALWAYS_SEARCH_USER_PATHS = NO;
				CLANG_CXX_LANGUAGE_STANDARD = "gnu++0x";
				CLANG_CXX_LIBRARY = "libc++";
				CLANG_ENABLE_MODULES = YES;
				CLANG_ENABLE_OBJC_ARC = YES;
				CLANG_WARN_BOOL_CONVERSION = YES;
				CLANG_WARN_CONSTANT_CONVERSION = YES;
				CLANG_WARN_DIRECT_OBJC_ISA_USAGE = YES_ERROR;
				CLANG_WARN_EMPTY_BODY = YES;
				CLANG_WARN_ENUM_CONVERSION = YES;
				CLANG_WARN_INT_CONVERSION = YES;
				CLANG_WARN_OBJC_ROOT_CLASS = YES_ERROR;
				CLANG_WARN__DUPLICATE_METHOD_MATCH = YES;
				"CODE_SIGN_IDENTITY[sdk=iphoneos*]" = "iPhone Developer";
				COPY_PHASE_STRIP = NO;
				GCC_C_LANGUAGE_STANDARD = gnu99;
				GCC_DYNAMIC_NO_PIC = NO;
				GCC_OPTIMIZATION_LEVEL = 0;
				GCC_PREPROCESSOR_DEFINITIONS = (
					"DEBUG=1",
					"$(inherited)",
				);
				GCC_SYMBOLS_PRIVATE_EXTERN = NO;
				GCC_WARN_64_TO_32_BIT_CONVERSION = YES;
				GCC_WARN_ABOUT_RETURN_TYPE = YES_ERROR;
				GCC_WARN_UNDECLARED_SELECTOR = YES;
				GCC_WARN_UNINITIALIZED_AUTOS = YES_AGGRESSIVE;
				GCC_WARN_UNUSED_FUNCTION = YES;
				GCC_WARN_UNUSED_VARIABLE = YES;
				IPHONEOS_DEPLOYMENT_TARGET = 7.1;
				ONLY_ACTIVE_ARCH = YES;
				SDKROOT = iphoneos;
			};
			name = Debug;
		};
		3D44754219C972CE00D9B2B1 /* Release */ = {
			isa = XCBuildConfiguration;
			buildSettings = {
				ALWAYS_SEARCH_USER_PATHS = NO;
				CLANG_CXX_LANGUAGE_STANDARD = "gnu++0x";
				CLANG_CXX_LIBRARY = "libc++";
				CLANG_ENABLE_MODULES = YES;
				CLANG_ENABLE_OBJC_ARC = YES;
				CLANG_WARN_BOOL_CONVERSION = YES;
				CLANG_WARN_CONSTANT_CONVERSION = YES;
				CLANG_WARN_DIRECT_OBJC_ISA_USAGE = YES_ERROR;
				CLANG_WARN_EMPTY_BODY = YES;
				CLANG_WARN_ENUM_CONVERSION = YES;
				CLANG_WARN_INT_CONVERSION = YES;
				CLANG_WARN_OBJC_ROOT_CLASS = YES_ERROR;
				CLANG_WARN__DUPLICATE_METHOD_MATCH = YES;
				"CODE_SIGN_IDENTITY[sdk=iphoneos*]" = "iPhone Developer";
				COPY_PHASE_STRIP = YES;
				ENABLE_NS_ASSERTIONS = NO;
				GCC_C_LANGUAGE_STANDARD = gnu99;
				GCC_WARN_64_TO_32_BIT_CONVERSION = YES;
				GCC_WARN_ABOUT_RETURN_TYPE = YES_ERROR;
				GCC_WARN_UNDECLARED_SELECTOR = YES;
				GCC_WARN_UNINITIALIZED_AUTOS = YES_AGGRESSIVE;
				GCC_WARN_UNUSED_FUNCTION = YES;
				GCC_WARN_UNUSED_VARIABLE = YES;
				IPHONEOS_DEPLOYMENT_TARGET = 7.1;
				SDKROOT = iphoneos;
				VALIDATE_PRODUCT = YES;
			};
			name = Release;
		};
		3D44754419C972CE00D9B2B1 /* Debug */ = {
			isa = XCBuildConfiguration;
			buildSettings = {
				ASSETCATALOG_COMPILER_APPICON_NAME = AppIcon;
				ASSETCATALOG_COMPILER_LAUNCHIMAGE_NAME = LaunchImage;
				GCC_PRECOMPILE_PREFIX_HEADER = YES;
				GCC_PREFIX_HEADER = "QiHuangDJ/QiHuangDJ-Prefix.pch";
				INFOPLIST_FILE = "QiHuangDJ/QiHuangDJ-Info.plist";
				PRODUCT_NAME = "$(TARGET_NAME)";
				WRAPPER_EXTENSION = app;
			};
			name = Debug;
		};
		3D44754519C972CE00D9B2B1 /* Release */ = {
			isa = XCBuildConfiguration;
			buildSettings = {
				ASSETCATALOG_COMPILER_APPICON_NAME = AppIcon;
				ASSETCATALOG_COMPILER_LAUNCHIMAGE_NAME = LaunchImage;
				GCC_PRECOMPILE_PREFIX_HEADER = YES;
				GCC_PREFIX_HEADER = "QiHuangDJ/QiHuangDJ-Prefix.pch";
				INFOPLIST_FILE = "QiHuangDJ/QiHuangDJ-Info.plist";
				PRODUCT_NAME = "$(TARGET_NAME)";
				WRAPPER_EXTENSION = app;
			};
			name = Release;
		};
		3D44754719C972CE00D9B2B1 /* Debug */ = {
			isa = XCBuildConfiguration;
			buildSettings = {
				BUNDLE_LOADER = "$(BUILT_PRODUCTS_DIR)/QiHuangDJ.app/QiHuangDJ";
				FRAMEWORK_SEARCH_PATHS = (
					"$(SDKROOT)/Developer/Library/Frameworks",
					"$(inherited)",
					"$(DEVELOPER_FRAMEWORKS_DIR)",
				);
				GCC_PRECOMPILE_PREFIX_HEADER = YES;
				GCC_PREFIX_HEADER = "QiHuangDJ/QiHuangDJ-Prefix.pch";
				GCC_PREPROCESSOR_DEFINITIONS = (
					"DEBUG=1",
					"$(inherited)",
				);
				INFOPLIST_FILE = "QiHuangDJTests/QiHuangDJTests-Info.plist";
				PRODUCT_NAME = "$(TARGET_NAME)";
				TEST_HOST = "$(BUNDLE_LOADER)";
				WRAPPER_EXTENSION = xctest;
			};
			name = Debug;
		};
		3D44754819C972CE00D9B2B1 /* Release */ = {
			isa = XCBuildConfiguration;
			buildSettings = {
				BUNDLE_LOADER = "$(BUILT_PRODUCTS_DIR)/QiHuangDJ.app/QiHuangDJ";
				FRAMEWORK_SEARCH_PATHS = (
					"$(SDKROOT)/Developer/Library/Frameworks",
					"$(inherited)",
					"$(DEVELOPER_FRAMEWORKS_DIR)",
				);
				GCC_PRECOMPILE_PREFIX_HEADER = YES;
				GCC_PREFIX_HEADER = "QiHuangDJ/QiHuangDJ-Prefix.pch";
				INFOPLIST_FILE = "QiHuangDJTests/QiHuangDJTests-Info.plist";
				PRODUCT_NAME = "$(TARGET_NAME)";
				TEST_HOST = "$(BUNDLE_LOADER)";
				WRAPPER_EXTENSION = xctest;
			};
			name = Release;
		};
/* End XCBuildConfiguration section */

/* Begin XCConfigurationList section */
		3D44751219C972CE00D9B2B1 /* Build configuration list for PBXProject "QiHuangDJ" */ = {
			isa = XCConfigurationList;
			buildConfigurations = (
				3D44754119C972CE00D9B2B1 /* Debug */,
				3D44754219C972CE00D9B2B1 /* Release */,
			);
			defaultConfigurationIsVisible = 0;
			defaultConfigurationName = Release;
		};
		3D44754319C972CE00D9B2B1 /* Build configuration list for PBXNativeTarget "QiHuangDJ" */ = {
			isa = XCConfigurationList;
			buildConfigurations = (
				3D44754419C972CE00D9B2B1 /* Debug */,
				3D44754519C972CE00D9B2B1 /* Release */,
			);
			defaultConfigurationIsVisible = 0;
		};
		3D44754619C972CE00D9B2B1 /* Build configuration list for PBXNativeTarget "QiHuangDJTests" */ = {
			isa = XCConfigurationList;
			buildConfigurations = (
				3D44754719C972CE00D9B2B1 /* Debug */,
				3D44754819C972CE00D9B2B1 /* Release */,
			);
			defaultConfigurationIsVisible = 0;
		};
/* End XCConfigurationList section */
	};
	rootObject = 3D44750F19C972CE00D9B2B1 /* Project object */;
}
